// !$*UTF8*$!
{
	archiveVersion = 1;
	classes = {
	};
	objectVersion = 50;
	objects = {

/* Begin PBXBuildFile section */
		3C496935214AD08300EBF142 /* TextReader.swift in Sources */ = {isa = PBXBuildFile; fileRef = 3C496934214AD08300EBF142 /* TextReader.swift */; };
		3C496937214AD1E100EBF142 /* HTMLReader.swift in Sources */ = {isa = PBXBuildFile; fileRef = 3C496936214AD1E100EBF142 /* HTMLReader.swift */; };
		3C496939214AD20400EBF142 /* TXTReader.swift in Sources */ = {isa = PBXBuildFile; fileRef = 3C496938214AD20400EBF142 /* TXTReader.swift */; };
		3C49693B214AD21100EBF142 /* RTFReader.swift in Sources */ = {isa = PBXBuildFile; fileRef = 3C49693A214AD21100EBF142 /* RTFReader.swift */; };
		3C4E3748214C224900EBB2E1 /* TextReaderFactory.swift in Sources */ = {isa = PBXBuildFile; fileRef = 3C4E3747214C224900EBB2E1 /* TextReaderFactory.swift */; };
		3C655C222155ECDD00A4F1C2 /* DocumentViewFactory.swift in Sources */ = {isa = PBXBuildFile; fileRef = 3C655C212155ECDD00A4F1C2 /* DocumentViewFactory.swift */; };
		3C90E5E021574B93006511E7 /* MediaView.swift in Sources */ = {isa = PBXBuildFile; fileRef = 3C90E5DF21574B93006511E7 /* MediaView.swift */; };
		3C90E5E22157577E006511E7 /* DocumentView.swift in Sources */ = {isa = PBXBuildFile; fileRef = 3C90E5E12157577E006511E7 /* DocumentView.swift */; };
		3C90E5E421576A06006511E7 /* TextView.swift in Sources */ = {isa = PBXBuildFile; fileRef = 3C90E5E321576A06006511E7 /* TextView.swift */; };
		3C95D8C0214A6B6500C26A71 /* main.swift in Sources */ = {isa = PBXBuildFile; fileRef = 3C95D8BF214A6B6500C26A71 /* main.swift */; };
		3C95D8C8214A6BA300C26A71 /* AbstractClass.swift in Sources */ = {isa = PBXBuildFile; fileRef = 3C95D8C7214A6BA300C26A71 /* AbstractClass.swift */; };
		3CB16FE2214D18AE00AA1FC4 /* TXTFile.txt in CopyFiles */ = {isa = PBXBuildFile; fileRef = 3C4E3743214C054300EBB2E1 /* TXTFile.txt */; };
		3CB16FE3214D18AE00AA1FC4 /* HTMLFile.html in CopyFiles */ = {isa = PBXBuildFile; fileRef = 3C4E3744214C055700EBB2E1 /* HTMLFile.html */; };
		3CB16FE4214D18AE00AA1FC4 /* RTFFile.rtf in CopyFiles */ = {isa = PBXBuildFile; fileRef = 3C4E3746214C084100EBB2E1 /* RTFFile.rtf */; };
/* End PBXBuildFile section */

/* Begin PBXCopyFilesBuildPhase section */
		3C95D8BA214A6B6500C26A71 /* CopyFiles */ = {
			isa = PBXCopyFilesBuildPhase;
			buildActionMask = 12;
			dstPath = "";
			dstSubfolderSpec = 7;
			files = (
				3CB16FE2214D18AE00AA1FC4 /* TXTFile.txt in CopyFiles */,
				3CB16FE3214D18AE00AA1FC4 /* HTMLFile.html in CopyFiles */,
				3CB16FE4214D18AE00AA1FC4 /* RTFFile.rtf in CopyFiles */,
			);
			runOnlyForDeploymentPostprocessing = 0;
		};
/* End PBXCopyFilesBuildPhase section */

/* Begin PBXFileReference section */
		3C49692B214A966F00EBF142 /* README.md */ = {isa = PBXFileReference; lastKnownFileType = net.daringfireball.markdown; path = README.md; sourceTree = "<group>"; };
		3C49692D214ABACB00EBF142 /* README.md */ = {isa = PBXFileReference; lastKnownFileType = net.daringfireball.markdown; path = README.md; sourceTree = "<group>"; };
		3C49692F214ABB6B00EBF142 /* README.md */ = {isa = PBXFileReference; lastKnownFileType = net.daringfireball.markdown; path = README.md; sourceTree = "<group>"; };
		3C496931214ABB9F00EBF142 /* README.md */ = {isa = PBXFileReference; lastKnownFileType = net.daringfireball.markdown; path = README.md; sourceTree = "<group>"; };
		3C496933214ACDDD00EBF142 /* README.md */ = {isa = PBXFileReference; lastKnownFileType = net.daringfireball.markdown; path = README.md; sourceTree = "<group>"; };
		3C496934214AD08300EBF142 /* TextReader.swift */ = {isa = PBXFileReference; lastKnownFileType = sourcecode.swift; path = TextReader.swift; sourceTree = "<group>"; };
		3C496936214AD1E100EBF142 /* HTMLReader.swift */ = {isa = PBXFileReference; lastKnownFileType = sourcecode.swift; path = HTMLReader.swift; sourceTree = "<group>"; };
		3C496938214AD20400EBF142 /* TXTReader.swift */ = {isa = PBXFileReference; lastKnownFileType = sourcecode.swift; path = TXTReader.swift; sourceTree = "<group>"; };
		3C49693A214AD21100EBF142 /* RTFReader.swift */ = {isa = PBXFileReference; lastKnownFileType = sourcecode.swift; path = RTFReader.swift; sourceTree = "<group>"; };
		3C4E3743214C054300EBB2E1 /* TXTFile.txt */ = {isa = PBXFileReference; lastKnownFileType = text; path = TXTFile.txt; sourceTree = "<group>"; };
		3C4E3744214C055700EBB2E1 /* HTMLFile.html */ = {isa = PBXFileReference; lastKnownFileType = text.html; path = HTMLFile.html; sourceTree = "<group>"; };
		3C4E3746214C084100EBB2E1 /* RTFFile.rtf */ = {isa = PBXFileReference; lastKnownFileType = text.rtf; path = RTFFile.rtf; sourceTree = "<group>"; };
		3C4E3747214C224900EBB2E1 /* TextReaderFactory.swift */ = {isa = PBXFileReference; lastKnownFileType = sourcecode.swift; path = TextReaderFactory.swift; sourceTree = "<group>"; };
		3C655C212155ECDD00A4F1C2 /* DocumentViewFactory.swift */ = {isa = PBXFileReference; lastKnownFileType = sourcecode.swift; path = DocumentViewFactory.swift; sourceTree = "<group>"; };
		3C90E5DF21574B93006511E7 /* MediaView.swift */ = {isa = PBXFileReference; lastKnownFileType = sourcecode.swift; path = MediaView.swift; sourceTree = "<group>"; };
		3C90E5E12157577E006511E7 /* DocumentView.swift */ = {isa = PBXFileReference; lastKnownFileType = sourcecode.swift; path = DocumentView.swift; sourceTree = "<group>"; };
		3C90E5E321576A06006511E7 /* TextView.swift */ = {isa = PBXFileReference; lastKnownFileType = sourcecode.swift; path = TextView.swift; sourceTree = "<group>"; };
		3C90E5E521576C3F006511E7 /* README.md */ = {isa = PBXFileReference; lastKnownFileType = net.daringfireball.markdown; path = README.md; sourceTree = "<group>"; };
		3C95D8BC214A6B6500C26A71 /* Patterns */ = {isa = PBXFileReference; explicitFileType = "compiled.mach-o.executable"; includeInIndex = 0; path = Patterns; sourceTree = BUILT_PRODUCTS_DIR; };
		3C95D8BF214A6B6500C26A71 /* main.swift */ = {isa = PBXFileReference; lastKnownFileType = sourcecode.swift; path = main.swift; sourceTree = "<group>"; };
		3C95D8C7214A6BA300C26A71 /* AbstractClass.swift */ = {isa = PBXFileReference; lastKnownFileType = sourcecode.swift; path = AbstractClass.swift; sourceTree = "<group>"; };
/* End PBXFileReference section */

/* Begin PBXFrameworksBuildPhase section */
		3C95D8B9214A6B6500C26A71 /* Frameworks */ = {
			isa = PBXFrameworksBuildPhase;
			buildActionMask = 2147483647;
			files = (
			);
			runOnlyForDeploymentPostprocessing = 0;
		};
/* End PBXFrameworksBuildPhase section */

/* Begin PBXGroup section */
		3C49692C214ABAA200EBF142 /* Creational */ = {
			isa = PBXGroup;
			children = (
				3C655C202155EC4E00A4F1C2 /* AbstractFactory */,
				3C496932214ACDC000EBF142 /* SimpleFactory */,
				3C49692D214ABACB00EBF142 /* README.md */,
			);
			path = Creational;
			sourceTree = "<group>";
		};
		3C49692E214ABB4C00EBF142 /* Structural */ = {
			isa = PBXGroup;
			children = (
				3C49692F214ABB6B00EBF142 /* README.md */,
			);
			path = Structural;
			sourceTree = "<group>";
		};
		3C496930214ABB8C00EBF142 /* Behavioral */ = {
			isa = PBXGroup;
			children = (
				3C496931214ABB9F00EBF142 /* README.md */,
			);
			path = Behavioral;
			sourceTree = "<group>";
		};
		3C496932214ACDC000EBF142 /* SimpleFactory */ = {
			isa = PBXGroup;
			children = (
				3C4E3742214C052500EBB2E1 /* Resources */,
				3C496933214ACDDD00EBF142 /* README.md */,
				3C496934214AD08300EBF142 /* TextReader.swift */,
				3C496936214AD1E100EBF142 /* HTMLReader.swift */,
				3C496938214AD20400EBF142 /* TXTReader.swift */,
				3C49693A214AD21100EBF142 /* RTFReader.swift */,
				3C4E3747214C224900EBB2E1 /* TextReaderFactory.swift */,
			);
			path = SimpleFactory;
			sourceTree = "<group>";
		};
		3C4E3742214C052500EBB2E1 /* Resources */ = {
			isa = PBXGroup;
			children = (
				3C4E3743214C054300EBB2E1 /* TXTFile.txt */,
				3C4E3744214C055700EBB2E1 /* HTMLFile.html */,
				3C4E3746214C084100EBB2E1 /* RTFFile.rtf */,
			);
			path = Resources;
			sourceTree = "<group>";
		};
		3C655C202155EC4E00A4F1C2 /* AbstractFactory */ = {
			isa = PBXGroup;
			children = (
				3C655C212155ECDD00A4F1C2 /* DocumentViewFactory.swift */,
				3C90E5DF21574B93006511E7 /* MediaView.swift */,
				3C90E5E12157577E006511E7 /* DocumentView.swift */,
				3C90E5E321576A06006511E7 /* TextView.swift */,
				3C90E5E521576C3F006511E7 /* README.md */,
			);
			path = AbstractFactory;
			sourceTree = "<group>";
		};
		3C95D8B3214A6B6500C26A71 = {
			isa = PBXGroup;
			children = (
				3C95D8BE214A6B6500C26A71 /* Patterns */,
				3C95D8BD214A6B6500C26A71 /* Products */,
			);
			sourceTree = "<group>";
		};
		3C95D8BD214A6B6500C26A71 /* Products */ = {
			isa = PBXGroup;
			children = (
				3C95D8BC214A6B6500C26A71 /* Patterns */,
			);
			name = Products;
			sourceTree = "<group>";
		};
		3C95D8BE214A6B6500C26A71 /* Patterns */ = {
			isa = PBXGroup;
			children = (
				3C496930214ABB8C00EBF142 /* Behavioral */,
				3C49692E214ABB4C00EBF142 /* Structural */,
				3C49692C214ABAA200EBF142 /* Creational */,
				3C95D8C6214A6B8500C26A71 /* AbstractClass */,
				3C95D8BF214A6B6500C26A71 /* main.swift */,
			);
			path = Patterns;
			sourceTree = "<group>";
		};
		3C95D8C6214A6B8500C26A71 /* AbstractClass */ = {
			isa = PBXGroup;
			children = (
				3C95D8C7214A6BA300C26A71 /* AbstractClass.swift */,
				3C49692B214A966F00EBF142 /* README.md */,
			);
			path = AbstractClass;
			sourceTree = "<group>";
		};
/* End PBXGroup section */

/* Begin PBXNativeTarget section */
		3C95D8BB214A6B6500C26A71 /* Patterns */ = {
			isa = PBXNativeTarget;
			buildConfigurationList = 3C95D8C3214A6B6500C26A71 /* Build configuration list for PBXNativeTarget "Patterns" */;
			buildPhases = (
				3C95D8B8214A6B6500C26A71 /* Sources */,
				3C95D8B9214A6B6500C26A71 /* Frameworks */,
				3C95D8BA214A6B6500C26A71 /* CopyFiles */,
			);
			buildRules = (
			);
			dependencies = (
			);
			name = Patterns;
			productName = Patterns;
			productReference = 3C95D8BC214A6B6500C26A71 /* Patterns */;
			productType = "com.apple.product-type.tool";
		};
/* End PBXNativeTarget section */

/* Begin PBXProject section */
		3C95D8B4214A6B6500C26A71 /* Project object */ = {
			isa = PBXProject;
			attributes = {
				LastSwiftUpdateCheck = 0940;
				LastUpgradeCheck = 0940;
				ORGANIZATIONNAME = "Syed Saud Arif";
				TargetAttributes = {
					3C95D8BB214A6B6500C26A71 = {
						CreatedOnToolsVersion = 9.4;
					};
				};
			};
			buildConfigurationList = 3C95D8B7214A6B6500C26A71 /* Build configuration list for PBXProject "Patterns" */;
			compatibilityVersion = "Xcode 9.3";
			developmentRegion = en;
			hasScannedForEncodings = 0;
			knownRegions = (
				en,
			);
			mainGroup = 3C95D8B3214A6B6500C26A71;
			productRefGroup = 3C95D8BD214A6B6500C26A71 /* Products */;
			projectDirPath = "";
			projectRoot = "";
			targets = (
				3C95D8BB214A6B6500C26A71 /* Patterns */,
			);
		};
/* End PBXProject section */

/* Begin PBXSourcesBuildPhase section */
		3C95D8B8214A6B6500C26A71 /* Sources */ = {
			isa = PBXSourcesBuildPhase;
			buildActionMask = 2147483647;
			files = (
				3C496939214AD20400EBF142 /* TXTReader.swift in Sources */,
				3C90E5E421576A06006511E7 /* TextView.swift in Sources */,
				3C496935214AD08300EBF142 /* TextReader.swift in Sources */,
				3C95D8C8214A6BA300C26A71 /* AbstractClass.swift in Sources */,
				3C4E3748214C224900EBB2E1 /* TextReaderFactory.swift in Sources */,
				3C49693B214AD21100EBF142 /* RTFReader.swift in Sources */,
				3C95D8C0214A6B6500C26A71 /* main.swift in Sources */,
				3C655C222155ECDD00A4F1C2 /* DocumentViewFactory.swift in Sources */,
				3C496937214AD1E100EBF142 /* HTMLReader.swift in Sources */,
				3C90E5E021574B93006511E7 /* MediaView.swift in Sources */,
				3C90E5E22157577E006511E7 /* DocumentView.swift in Sources */,
			);
			runOnlyForDeploymentPostprocessing = 0;
		};
/* End PBXSourcesBuildPhase section */

/* Begin XCBuildConfiguration section */
		3C95D8C1214A6B6500C26A71 /* Debug */ = {
			isa = XCBuildConfiguration;
			buildSettings = {
				ALWAYS_SEARCH_USER_PATHS = NO;
				CLANG_ANALYZER_NONNULL = YES;
				CLANG_ANALYZER_NUMBER_OBJECT_CONVERSION = YES_AGGRESSIVE;
				CLANG_CXX_LANGUAGE_STANDARD = "gnu++14";
				CLANG_CXX_LIBRARY = "libc++";
				CLANG_ENABLE_MODULES = YES;
				CLANG_ENABLE_OBJC_ARC = YES;
				CLANG_ENABLE_OBJC_WEAK = YES;
				CLANG_WARN_BLOCK_CAPTURE_AUTORELEASING = YES;
				CLANG_WARN_BOOL_CONVERSION = YES;
				CLANG_WARN_COMMA = YES;
				CLANG_WARN_CONSTANT_CONVERSION = YES;
				CLANG_WARN_DEPRECATED_OBJC_IMPLEMENTATIONS = YES;
				CLANG_WARN_DIRECT_OBJC_ISA_USAGE = YES_ERROR;
				CLANG_WARN_DOCUMENTATION_COMMENTS = YES;
				CLANG_WARN_EMPTY_BODY = YES;
				CLANG_WARN_ENUM_CONVERSION = YES;
				CLANG_WARN_INFINITE_RECURSION = YES;
				CLANG_WARN_INT_CONVERSION = YES;
				CLANG_WARN_NON_LITERAL_NULL_CONVERSION = YES;
				CLANG_WARN_OBJC_IMPLICIT_RETAIN_SELF = YES;
				CLANG_WARN_OBJC_LITERAL_CONVERSION = YES;
				CLANG_WARN_OBJC_ROOT_CLASS = YES_ERROR;
				CLANG_WARN_RANGE_LOOP_ANALYSIS = YES;
				CLANG_WARN_STRICT_PROTOTYPES = YES;
				CLANG_WARN_SUSPICIOUS_MOVE = YES;
				CLANG_WARN_UNGUARDED_AVAILABILITY = YES_AGGRESSIVE;
				CLANG_WARN_UNREACHABLE_CODE = YES;
				CLANG_WARN__DUPLICATE_METHOD_MATCH = YES;
				CODE_SIGN_IDENTITY = "-";
				COPY_PHASE_STRIP = NO;
				DEBUG_INFORMATION_FORMAT = dwarf;
				ENABLE_STRICT_OBJC_MSGSEND = YES;
				ENABLE_TESTABILITY = YES;
				GCC_C_LANGUAGE_STANDARD = gnu11;
				GCC_DYNAMIC_NO_PIC = NO;
				GCC_NO_COMMON_BLOCKS = YES;
				GCC_OPTIMIZATION_LEVEL = 0;
				GCC_PREPROCESSOR_DEFINITIONS = (
					"DEBUG=1",
					"$(inherited)",
				);
				GCC_WARN_64_TO_32_BIT_CONVERSION = YES;
				GCC_WARN_ABOUT_RETURN_TYPE = YES_ERROR;
				GCC_WARN_UNDECLARED_SELECTOR = YES;
				GCC_WARN_UNINITIALIZED_AUTOS = YES_AGGRESSIVE;
				GCC_WARN_UNUSED_FUNCTION = YES;
				GCC_WARN_UNUSED_VARIABLE = YES;
				MACOSX_DEPLOYMENT_TARGET = 10.13;
				MTL_ENABLE_DEBUG_INFO = YES;
				ONLY_ACTIVE_ARCH = YES;
				SDKROOT = macosx;
				SWIFT_ACTIVE_COMPILATION_CONDITIONS = DEBUG;
				SWIFT_OPTIMIZATION_LEVEL = "-Onone";
			};
			name = Debug;
		};
		3C95D8C2214A6B6500C26A71 /* Release */ = {
			isa = XCBuildConfiguration;
			buildSettings = {
				ALWAYS_SEARCH_USER_PATHS = NO;
				CLANG_ANALYZER_NONNULL = YES;
				CLANG_ANALYZER_NUMBER_OBJECT_CONVERSION = YES_AGGRESSIVE;
				CLANG_CXX_LANGUAGE_STANDARD = "gnu++14";
				CLANG_CXX_LIBRARY = "libc++";
				CLANG_ENABLE_MODULES = YES;
				CLANG_ENABLE_OBJC_ARC = YES;
				CLANG_ENABLE_OBJC_WEAK = YES;
				CLANG_WARN_BLOCK_CAPTURE_AUTORELEASING = YES;
				CLANG_WARN_BOOL_CONVERSION = YES;
				CLANG_WARN_COMMA = YES;
				CLANG_WARN_CONSTANT_CONVERSION = YES;
				CLANG_WARN_DEPRECATED_OBJC_IMPLEMENTATIONS = YES;
				CLANG_WARN_DIRECT_OBJC_ISA_USAGE = YES_ERROR;
				CLANG_WARN_DOCUMENTATION_COMMENTS = YES;
				CLANG_WARN_EMPTY_BODY = YES;
				CLANG_WARN_ENUM_CONVERSION = YES;
				CLANG_WARN_INFINITE_RECURSION = YES;
				CLANG_WARN_INT_CONVERSION = YES;
				CLANG_WARN_NON_LITERAL_NULL_CONVERSION = YES;
				CLANG_WARN_OBJC_IMPLICIT_RETAIN_SELF = YES;
				CLANG_WARN_OBJC_LITERAL_CONVERSION = YES;
				CLANG_WARN_OBJC_ROOT_CLASS = YES_ERROR;
				CLANG_WARN_RANGE_LOOP_ANALYSIS = YES;
				CLANG_WARN_STRICT_PROTOTYPES = YES;
				CLANG_WARN_SUSPICIOUS_MOVE = YES;
				CLANG_WARN_UNGUARDED_AVAILABILITY = YES_AGGRESSIVE;
				CLANG_WARN_UNREACHABLE_CODE = YES;
				CLANG_WARN__DUPLICATE_METHOD_MATCH = YES;
				CODE_SIGN_IDENTITY = "-";
				COPY_PHASE_STRIP = NO;
				DEBUG_INFORMATION_FORMAT = "dwarf-with-dsym";
				ENABLE_NS_ASSERTIONS = NO;
				ENABLE_STRICT_OBJC_MSGSEND = YES;
				GCC_C_LANGUAGE_STANDARD = gnu11;
				GCC_NO_COMMON_BLOCKS = YES;
				GCC_WARN_64_TO_32_BIT_CONVERSION = YES;
				GCC_WARN_ABOUT_RETURN_TYPE = YES_ERROR;
				GCC_WARN_UNDECLARED_SELECTOR = YES;
				GCC_WARN_UNINITIALIZED_AUTOS = YES_AGGRESSIVE;
				GCC_WARN_UNUSED_FUNCTION = YES;
				GCC_WARN_UNUSED_VARIABLE = YES;
				MACOSX_DEPLOYMENT_TARGET = 10.13;
				MTL_ENABLE_DEBUG_INFO = NO;
				SDKROOT = macosx;
				SWIFT_COMPILATION_MODE = wholemodule;
				SWIFT_OPTIMIZATION_LEVEL = "-O";
			};
			name = Release;
		};
		3C95D8C4214A6B6500C26A71 /* Debug */ = {
			isa = XCBuildConfiguration;
			buildSettings = {
				CODE_SIGN_STYLE = Manual;
				DEVELOPMENT_TEAM = "";
				PRODUCT_NAME = "$(TARGET_NAME)";
				PROVISIONING_PROFILE_SPECIFIER = "";
				SWIFT_VERSION = 4.0;
			};
			name = Debug;
		};
		3C95D8C5214A6B6500C26A71 /* Release */ = {
			isa = XCBuildConfiguration;
			buildSettings = {
				CODE_SIGN_STYLE = Manual;
				DEVELOPMENT_TEAM = "";
				PRODUCT_NAME = "$(TARGET_NAME)";
				PROVISIONING_PROFILE_SPECIFIER = "";
				SWIFT_VERSION = 4.0;
			};
			name = Release;
		};
/* End XCBuildConfiguration section */

/* Begin XCConfigurationList section */
		3C95D8B7214A6B6500C26A71 /* Build configuration list for PBXProject "Patterns" */ = {
			isa = XCConfigurationList;
			buildConfigurations = (
				3C95D8C1214A6B6500C26A71 /* Debug */,
				3C95D8C2214A6B6500C26A71 /* Release */,
			);
			defaultConfigurationIsVisible = 0;
			defaultConfigurationName = Release;
		};
		3C95D8C3214A6B6500C26A71 /* Build configuration list for PBXNativeTarget "Patterns" */ = {
			isa = XCConfigurationList;
			buildConfigurations = (
				3C95D8C4214A6B6500C26A71 /* Debug */,
				3C95D8C5214A6B6500C26A71 /* Release */,
			);
			defaultConfigurationIsVisible = 0;
			defaultConfigurationName = Release;
		};
/* End XCConfigurationList section */
	};
	rootObject = 3C95D8B4214A6B6500C26A71 /* Project object */;
}
